lockfileVersion: '6.0'

devDependencies:
  '@angular/router':
    specifier: ^15.0.0
    version: 15.0.0(@angular/common@15.0.0)(@angular/core@15.0.0)(@angular/platform-browser@15.0.0)(rxjs@7.8.0)

packages:

  /@angular/common@15.0.0(@angular/core@15.0.0)(rxjs@7.8.0):
    resolution: {integrity: sha512-8NVZE4tSDFQ8YzCFb1BiDDfVdVDZWoP4Z35K0PcjpGromTFs3qKk/Ho0JCdmFTU+yfXLMZe/OsYZoE2mMKGChQ==}
    engines: {node: ^14.20.0 || ^16.13.0 || >=18.10.0}
    peerDependencies:
      '@angular/core': 15.0.0
      rxjs: ^6.5.3 || ^7.4.0
    dependencies:
      '@angular/core': 15.0.0(rxjs@7.8.0)(zone.js@0.12.0)
      rxjs: 7.8.0
      tslib: 2.4.1
    dev: true

  /@angular/core@15.0.0(rxjs@7.8.0)(zone.js@0.12.0):
    resolution: {integrity: sha512-Hek8L/1XrU1LPN4qmKJiNdYz96ju/yPWvrFjqvrDHjWEenIfxjJohjRwL+ZzICZiEwfnR6y3QGvv4OBY96oTGw==}
    engines: {node: ^14.20.0 || ^16.13.0 || >=18.10.0}
    peerDependencies:
      rxjs: ^6.5.3 || ^7.4.0
      zone.js: ~0.11.4 || ~0.12.0
    dependencies:
      rxjs: 7.8.0
      tslib: 2.4.1
      zone.js: 0.12.0
    dev: true

  /@angular/platform-browser@15.0.0(@angular/common@15.0.0)(@angular/core@15.0.0):
    resolution: {integrity: sha512-N+Ct6c3gj17a/X5MDi+Zc3BFnHv0AnGQ5k5pvo3BasesEf0dmXSXzTtv28Z/gS5qFK/0i9h8QvfKrRsNSPM78A==}
    engines: {node: ^14.20.0 || ^16.13.0 || >=18.10.0}
    peerDependencies:
      '@angular/animations': 15.0.0
      '@angular/common': 15.0.0
      '@angular/core': 15.0.0
    peerDependenciesMeta:
      '@angular/animations':
        optional: true
    dependencies:
      '@angular/common': 15.0.0(@angular/core@15.0.0)(rxjs@7.8.0)
      '@angular/core': 15.0.0(rxjs@7.8.0)(zone.js@0.12.0)
      tslib: 2.4.1
    dev: true

  /@angular/router@15.0.0(@angular/common@15.0.0)(@angular/core@15.0.0)(@angular/platform-browser@15.0.0)(rxjs@7.8.0):
    resolution: {integrity: sha512-dm70pydJKmYsb52BWGeemfRHYUcizszAgCZ/XRfooS9t82dn7rr4f/Mz6bTPadT6sGCO/asOKLYo7gxeEZTQaQ==}
    engines: {node: ^14.20.0 || ^16.13.0 || >=18.10.0}
    peerDependencies:
      '@angular/common': 15.0.0
      '@angular/core': 15.0.0
      '@angular/platform-browser': 15.0.0
      rxjs: ^6.5.3 || ^7.4.0
    dependencies:
      '@angular/common': 15.0.0(@angular/core@15.0.0)(rxjs@7.8.0)
      '@angular/core': 15.0.0(rxjs@7.8.0)(zone.js@0.12.0)
      '@angular/platform-browser': 15.0.0(@angular/common@15.0.0)(@angular/core@15.0.0)
      rxjs: 7.8.0
      tslib: 2.4.1
    dev: true

  /rxjs@7.8.0:
    resolution: {integrity: sha512-F2+gxDshqmIub1KdvZkaEfGDwLNpPvk9Fs6LD/MyQxNgMds/WH9OdDDXOmxUZpME+iSK3rQCctkL0DYyytUqMg==}
    dependencies:
      tslib: 2.4.1
    dev: true

  /tslib@2.4.1:
    resolution: {integrity: sha512-tGyy4dAjRIEwI7BzsB0lynWgOpfqjUdq91XXAlIWD2OwKBH7oCl/GZG/HT4BOHrTlPMOASlMQ7veyTqpmRcrNA==}
    dev: true

  /zone.js@0.12.0:
    resolution: {integrity: sha512-XtC+I5dXU14HrzidAKBNMqneIVUykLEAA1x+v4KVrd6AUPWlwYORF8KgsVqvgdHiKZ4BkxxjvYi/ksEixTPR0Q==}
    dependencies:
      tslib: 2.4.1
    dev: true
